
Microsoft Visual Studio Solution File, Format Version 12.00
# Visual Studio Version 17
VisualStudioVersion = 17.4.33205.214
MinimumVisualStudioVersion = 10.0.40219.1
Project("{FAE04EC0-301F-11D3-BF4B-00C04F79EFBC}") = "GrpcService", "GrpcService\GrpcService.csproj", "{EBCD230E-4069-4273-A7E9-8D0667CD6ACC}"
EndProject
Global
	GlobalSection(SolutionConfigurationPlatforms) = preSolution
		Debug|Any CPU = Debug|Any CPU
		Release|Any CPU = Release|Any CPU
	EndGlobalSection
	GlobalSection(ProjectConfigurationPlatforms) = postSolution
		{EBCD230E-4069-4273-A7E9-8D0667CD6ACC}.Debug|Any CPU.ActiveCfg = Debug|Any CPU
		{EBCD230E-4069-4273-A7E9-8D0667CD6ACC}.Debug|Any CPU.Build.0 = Debug|Any CPU
		{EBCD230E-4069-4273-A7E9-8D0667CD6ACC}.Release|Any CPU.ActiveCfg = Release|Any CPU
		{EBCD230E-4069-4273-A7E9-8D0667CD6ACC}.Release|Any CPU.Build.0 = Release|Any CPU
	EndGlobalSection
	GlobalSection(SolutionProperties) = preSolution
		HideSolutionNode = FALSE
	EndGlobalSection
	GlobalSection(ExtensibilityGlobals) = postSolution
		SolutionGuid = {A572521B-FB73-47F4-BB3C-A15E4CB71F49}
	EndGlobalSection
EndGlobal
